
Microsoft Visual Studio Solution File, Format Version 12.00
# Visual Studio Version 17
VisualStudioVersion = 17.8.34330.188
MinimumVisualStudioVersion = 10.0.40219.1
Project("{9A19103F-16F7-4668-BE54-9A1E7A4F7556}") = "PitonProject", "PitonProject\PitonProject.csproj", "{DBFF0E26-3185-4C48-BA21-91C174065FBB}"
EndProject
Global
	GlobalSection(SolutionConfigurationPlatforms) = preSolution
		Debug|Any CPU = Debug|Any CPU
		Release|Any CPU = Release|Any CPU
	EndGlobalSection
	GlobalSection(ProjectConfigurationPlatforms) = postSolution
		{DBFF0E26-3185-4C48-BA21-91C174065FBB}.Debug|Any CPU.ActiveCfg = Debug|Any CPU
		{DBFF0E26-3185-4C48-BA21-91C174065FBB}.Debug|Any CPU.Build.0 = Debug|Any CPU
		{DBFF0E26-3185-4C48-BA21-91C174065FBB}.Release|Any CPU.ActiveCfg = Release|Any CPU
		{DBFF0E26-3185-4C48-BA21-91C174065FBB}.Release|Any CPU.Build.0 = Release|Any CPU
	EndGlobalSection
	GlobalSection(SolutionProperties) = preSolution
		HideSolutionNode = FALSE
	EndGlobalSection
	GlobalSection(ExtensibilityGlobals) = postSolution
		SolutionGuid = {ED77AD47-98E4-46B1-B7A2-3704331EFFEF}
	EndGlobalSection
EndGlobal
